// !$*UTF8*$!
{
	archiveVersion = 1;
	classes = {
	};
	objectVersion = 46;
	objects = {

/* Begin PBXBuildFile section */
		EEB656651CAB5E7C00900813 /* main.m in Sources */ = {isa = PBXBuildFile; fileRef = EEB656641CAB5E7C00900813 /* main.m */; };
		EEB656681CAB5E7C00900813 /* AppDelegate.m in Sources */ = {isa = PBXBuildFile; fileRef = EEB656671CAB5E7C00900813 /* AppDelegate.m */; };
		EEB6566B1CAB5E7C00900813 /* ViewController.m in Sources */ = {isa = PBXBuildFile; fileRef = EEB6566A1CAB5E7C00900813 /* ViewController.m */; };
		EEB6566E1CAB5E7C00900813 /* Main.storyboard in Resources */ = {isa = PBXBuildFile; fileRef = EEB6566C1CAB5E7C00900813 /* Main.storyboard */; };
		EEB656701CAB5E7C00900813 /* Assets.xcassets in Resources */ = {isa = PBXBuildFile; fileRef = EEB6566F1CAB5E7C00900813 /* Assets.xcassets */; };
		EEB656731CAB5E7C00900813 /* LaunchScreen.storyboard in Resources */ = {isa = PBXBuildFile; fileRef = EEB656711CAB5E7C00900813 /* LaunchScreen.storyboard */; };
/* End PBXBuildFile section */

/* Begin PBXFileReference section */
		EEB656601CAB5E7C00900813 /* Apple pay.app */ = {isa = PBXFileReference; explicitFileType = wrapper.application; includeInIndex = 0; path = "Apple pay.app"; sourceTree = BUILT_PRODUCTS_DIR; };
		EEB656641CAB5E7C00900813 /* main.m */ = {isa = PBXFileReference; lastKnownFileType = sourcecode.c.objc; path = main.m; sourceTree = "<group>"; };
		EEB656661CAB5E7C00900813 /* AppDelegate.h */ = {isa = PBXFileReference; lastKnownFileType = sourcecode.c.h; path = AppDelegate.h; sourceTree = "<group>"; };
		EEB656671CAB5E7C00900813 /* AppDelegate.m */ = {isa = PBXFileReference; lastKnownFileType = sourcecode.c.objc; path = AppDelegate.m; sourceTree = "<group>"; };
		EEB656691CAB5E7C00900813 /* ViewController.h */ = {isa = PBXFileReference; lastKnownFileType = sourcecode.c.h; path = ViewController.h; sourceTree = "<group>"; };
		EEB6566A1CAB5E7C00900813 /* ViewController.m */ = {isa = PBXFileReference; lastKnownFileType = sourcecode.c.objc; path = ViewController.m; sourceTree = "<group>"; };
		EEB6566D1CAB5E7C00900813 /* Base */ = {isa = PBXFileReference; lastKnownFileType = file.storyboard; name = Base; path = Base.lproj/Main.storyboard; sourceTree = "<group>"; };
		EEB6566F1CAB5E7C00900813 /* Assets.xcassets */ = {isa = PBXFileReference; lastKnownFileType = folder.assetcatalog; path = Assets.xcassets; sourceTree = "<group>"; };
		EEB656721CAB5E7C00900813 /* Base */ = {isa = PBXFileReference; lastKnownFileType = file.storyboard; name = Base; path = Base.lproj/LaunchScreen.storyboard; sourceTree = "<group>"; };
		EEB656741CAB5E7C00900813 /* Info.plist */ = {isa = PBXFileReference; lastKnownFileType = text.plist.xml; path = Info.plist; sourceTree = "<group>"; };
		EEB6567A1CAB60AA00900813 /* Apple pay.entitlements */ = {isa = PBXFileReference; lastKnownFileType = text.xml; path = "Apple pay.entitlements"; sourceTree = "<group>"; };
/* End PBXFileReference section */

/* Begin PBXFrameworksBuildPhase section */
		EEB6565D1CAB5E7C00900813 /* Frameworks */ = {
			isa = PBXFrameworksBuildPhase;
			buildActionMask = 2147483647;
			files = (
			);
			runOnlyForDeploymentPostprocessing = 0;
		};
/* End PBXFrameworksBuildPhase section */

/* Begin PBXGroup section */
		EEB656571CAB5E7C00900813 = {
			isa = PBXGroup;
			children = (
				EEB656621CAB5E7C00900813 /* Apple pay */,
				EEB656611CAB5E7C00900813 /* Products */,
			);
			sourceTree = "<group>";
		};
		EEB656611CAB5E7C00900813 /* Products */ = {
			isa = PBXGroup;
			children = (
				EEB656601CAB5E7C00900813 /* Apple pay.app */,
			);
			name = Products;
			sourceTree = "<group>";
		};
		EEB656621CAB5E7C00900813 /* Apple pay */ = {
			isa = PBXGroup;
			children = (
				EEB6567A1CAB60AA00900813 /* Apple pay.entitlements */,
				EEB656661CAB5E7C00900813 /* AppDelegate.h */,
				EEB656671CAB5E7C00900813 /* AppDelegate.m */,
				EEB656691CAB5E7C00900813 /* ViewController.h */,
				EEB6566A1CAB5E7C00900813 /* ViewController.m */,
				EEB6566C1CAB5E7C00900813 /* Main.storyboard */,
				EEB6566F1CAB5E7C00900813 /* Assets.xcassets */,
				EEB656711CAB5E7C00900813 /* LaunchScreen.storyboard */,
				EEB656741CAB5E7C00900813 /* Info.plist */,
				EEB656631CAB5E7C00900813 /* Supporting Files */,
			);
			path = "Apple pay";
			sourceTree = "<group>";
		};
		EEB656631CAB5E7C00900813 /* Supporting Files */ = {
			isa = PBXGroup;
			children = (
				EEB656641CAB5E7C00900813 /* main.m */,
			);
			name = "Supporting Files";
			sourceTree = "<group>";
		};
/* End PBXGroup section */

/* Begin PBXNativeTarget section */
		EEB6565F1CAB5E7C00900813 /* Apple pay */ = {
			isa = PBXNativeTarget;
			buildConfigurationList = EEB656771CAB5E7C00900813 /* Build configuration list for PBXNativeTarget "Apple pay" */;
			buildPhases = (
				EEB6565C1CAB5E7C00900813 /* Sources */,
				EEB6565D1CAB5E7C00900813 /* Frameworks */,
				EEB6565E1CAB5E7C00900813 /* Resources */,
			);
			buildRules = (
			);
			dependencies = (
			);
			name = "Apple pay";
			productName = "Apple pay";
			productReference = EEB656601CAB5E7C00900813 /* Apple pay.app */;
			productType = "com.apple.product-type.application";
		};
/* End PBXNativeTarget section */

/* Begin PBXProject section */
		EEB656581CAB5E7C00900813 /* Project object */ = {
			isa = PBXProject;
			attributes = {
				LastUpgradeCheck = 0730;
				ORGANIZATIONNAME = Erwin;
				TargetAttributes = {
					EEB6565F1CAB5E7C00900813 = {
						CreatedOnToolsVersion = 7.3;
						SystemCapabilities = {
							com.apple.OMC = {
								enabled = 1;
							};
						};
					};
				};
			};
			buildConfigurationList = EEB6565B1CAB5E7C00900813 /* Build configuration list for PBXProject "Apple pay" */;
			compatibilityVersion = "Xcode 3.2";
			developmentRegion = English;
			hasScannedForEncodings = 0;
			knownRegions = (
				en,
				Base,
			);
			mainGroup = EEB656571CAB5E7C00900813;
			productRefGroup = EEB656611CAB5E7C00900813 /* Products */;
			projectDirPath = "";
			projectRoot = "";
			targets = (
				EEB6565F1CAB5E7C00900813 /* Apple pay */,
			);
		};
/* End PBXProject section */

/* Begin PBXResourcesBuildPhase section */
		EEB6565E1CAB5E7C00900813 /* Resources */ = {
			isa = PBXResourcesBuildPhase;
			buildActionMask = 2147483647;
			files = (
				EEB656731CAB5E7C00900813 /* LaunchScreen.storyboard in Resources */,
				EEB656701CAB5E7C00900813 /* Assets.xcassets in Resources */,
				EEB6566E1CAB5E7C00900813 /* Main.storyboard in Resources */,
			);
			runOnlyForDeploymentPostprocessing = 0;
		};
/* End PBXResourcesBuildPhase section */

/* Begin PBXSourcesBuildPhase section */
		EEB6565C1CAB5E7C00900813 /* Sources */ = {
			isa = PBXSourcesBuildPhase;
			buildActionMask = 2147483647;
			files = (
				EEB6566B1CAB5E7C00900813 /* ViewController.m in Sources */,
				EEB656681CAB5E7C00900813 /* AppDelegate.m in Sources */,
				EEB656651CAB5E7C00900813 /* main.m in Sources */,
			);
			runOnlyForDeploymentPostprocessing = 0;
		};
/* End PBXSourcesBuildPhase section */

/* Begin PBXVariantGroup section */
		EEB6566C1CAB5E7C00900813 /* Main.storyboard */ = {
			isa = PBXVariantGroup;
			children = (
				EEB6566D1CAB5E7C00900813 /* Base */,
			);
			name = Main.storyboard;
			sourceTree = "<group>";
		};
		EEB656711CAB5E7C00900813 /* LaunchScreen.storyboard */ = {
			isa = PBXVariantGroup;
			children = (
				EEB656721CAB5E7C00900813 /* Base */,
			);
			name = LaunchScreen.storyboard;
			sourceTree = "<group>";
		};
/* End PBXVariantGroup section */

/* Begin XCBuildConfiguration section */
		EEB656751CAB5E7C00900813 /* Debug */ = {
			isa = XCBuildConfiguration;
			buildSettings = {
				ALWAYS_SEARCH_USER_PATHS = NO;
				CLANG_ANALYZER_NONNULL = YES;
				CLANG_CXX_LANGUAGE_STANDARD = "gnu++0x";
				CLANG_CXX_LIBRARY = "libc++";
				CLANG_ENABLE_MODULES = YES;
				CLANG_ENABLE_OBJC_ARC = YES;
				CLANG_WARN_BOOL_CONVERSION = YES;
				CLANG_WARN_CONSTANT_CONVERSION = YES;
				CLANG_WARN_DIRECT_OBJC_ISA_USAGE = YES_ERROR;
				CLANG_WARN_EMPTY_BODY = YES;
				CLANG_WARN_ENUM_CONVERSION = YES;
				CLANG_WARN_INT_CONVERSION = YES;
				CLANG_WARN_OBJC_ROOT_CLASS = YES_ERROR;
				CLANG_WARN_UNREACHABLE_CODE = YES;
				CLANG_WARN__DUPLICATE_METHOD_MATCH = YES;
				"CODE_SIGN_IDENTITY[sdk=iphoneos*]" = "iPhone Developer";
				COPY_PHASE_STRIP = NO;
				DEBUG_INFORMATION_FORMAT = dwarf;
				ENABLE_STRICT_OBJC_MSGSEND = YES;
				ENABLE_TESTABILITY = YES;
				GCC_C_LANGUAGE_STANDARD = gnu99;
				GCC_DYNAMIC_NO_PIC = NO;
				GCC_NO_COMMON_BLOCKS = YES;
				GCC_OPTIMIZATION_LEVEL = 0;
				GCC_PREPROCESSOR_DEFINITIONS = (
					"DEBUG=1",
					"$(inherited)",
				);
				GCC_WARN_64_TO_32_BIT_CONVERSION = YES;
				GCC_WARN_ABOUT_RETURN_TYPE = YES_ERROR;
				GCC_WARN_UNDECLARED_SELECTOR = YES;
				GCC_WARN_UNINITIALIZED_AUTOS = YES_AGGRESSIVE;
				GCC_WARN_UNUSED_FUNCTION = YES;
				GCC_WARN_UNUSED_VARIABLE = YES;
				IPHONEOS_DEPLOYMENT_TARGET = 9.3;
				MTL_ENABLE_DEBUG_INFO = YES;
				ONLY_ACTIVE_ARCH = YES;
				SDKROOT = iphoneos;
			};
			name = Debug;
		};
		EEB656761CAB5E7C00900813 /* Release */ = {
			isa = XCBuildConfiguration;
			buildSettings = {
				ALWAYS_SEARCH_USER_PATHS = NO;
				CLANG_ANALYZER_NONNULL = YES;
				CLANG_CXX_LANGUAGE_STANDARD = "gnu++0x";
				CLANG_CXX_LIBRARY = "libc++";
				CLANG_ENABLE_MODULES = YES;
				CLANG_ENABLE_OBJC_ARC = YES;
				CLANG_WARN_BOOL_CONVERSION = YES;
				CLANG_WARN_CONSTANT_CONVERSION = YES;
				CLANG_WARN_DIRECT_OBJC_ISA_USAGE = YES_ERROR;
				CLANG_WARN_EMPTY_BODY = YES;
				CLANG_WARN_ENUM_CONVERSION = YES;
				CLANG_WARN_INT_CONVERSION = YES;
				CLANG_WARN_OBJC_ROOT_CLASS = YES_ERROR;
				CLANG_WARN_UNREACHABLE_CODE = YES;
				CLANG_WARN__DUPLICATE_METHOD_MATCH = YES;
				"CODE_SIGN_IDENTITY[sdk=iphoneos*]" = "iPhone Developer";
				COPY_PHASE_STRIP = NO;
				DEBUG_INFORMATION_FORMAT = "dwarf-with-dsym";
				ENABLE_NS_ASSERTIONS = NO;
				ENABLE_STRICT_OBJC_MSGSEND = YES;
				GCC_C_LANGUAGE_STANDARD = gnu99;
				GCC_NO_COMMON_BLOCKS = YES;
				GCC_WARN_64_TO_32_BIT_CONVERSION = YES;
				GCC_WARN_ABOUT_RETURN_TYPE = YES_ERROR;
				GCC_WARN_UNDECLARED_SELECTOR = YES;
				GCC_WARN_UNINITIALIZED_AUTOS = YES_AGGRESSIVE;
				GCC_WARN_UNUSED_FUNCTION = YES;
				GCC_WARN_UNUSED_VARIABLE = YES;
				IPHONEOS_DEPLOYMENT_TARGET = 9.3;
				MTL_ENABLE_DEBUG_INFO = NO;
				SDKROOT = iphoneos;
				VALIDATE_PRODUCT = YES;
			};
			name = Release;
		};
		EEB656781CAB5E7C00900813 /* Debug */ = {
			isa = XCBuildConfiguration;
			buildSettings = {
				ASSETCATALOG_COMPILER_APPICON_NAME = AppIcon;
				CODE_SIGN_ENTITLEMENTS = "Apple pay/Apple pay.entitlements";
				CODE_SIGN_IDENTITY = "iPhone Developer";
				"CODE_SIGN_IDENTITY[sdk=iphoneos*]" = "iPhone Developer";
				INFOPLIST_FILE = "Apple pay/Info.plist";
				LD_RUNPATH_SEARCH_PATHS = "$(inherited) @executable_path/Frameworks";
				PRODUCT_BUNDLE_IDENTIFIER = "BDHOME.Apple-pay";
				PRODUCT_NAME = "$(TARGET_NAME)";
				PROVISIONING_PROFILE = "";
			};
			name = Debug;
		};
		EEB656791CAB5E7C00900813 /* Release */ = {
			isa = XCBuildConfiguration;
			buildSettings = {
				ASSETCATALOG_COMPILER_APPICON_NAME = AppIcon;
				CODE_SIGN_ENTITLEMENTS = "Apple pay/Apple pay.entitlements";
				CODE_SIGN_IDENTITY = "iPhone Developer";
				"CODE_SIGN_IDENTITY[sdk=iphoneos*]" = "iPhone Developer";
				INFOPLIST_FILE = "Apple pay/Info.plist";
				LD_RUNPATH_SEARCH_PATHS = "$(inherited) @executable_path/Frameworks";
				PRODUCT_BUNDLE_IDENTIFIER = "BDHOME.Apple-pay";
				PRODUCT_NAME = "$(TARGET_NAME)";
				PROVISIONING_PROFILE = "";
			};
			name = Release;
		};
/* End XCBuildConfiguration section */

/* Begin XCConfigurationList section */
		EEB6565B1CAB5E7C00900813 /* Build configuration list for PBXProject "Apple pay" */ = {
			isa = XCConfigurationList;
			buildConfigurations = (
				EEB656751CAB5E7C00900813 /* Debug */,
				EEB656761CAB5E7C00900813 /* Release */,
			);
			defaultConfigurationIsVisible = 0;
			defaultConfigurationName = Release;
		};
		EEB656771CAB5E7C00900813 /* Build configuration list for PBXNativeTarget "Apple pay" */ = {
			isa = XCConfigurationList;
			buildConfigurations = (
				EEB656781CAB5E7C00900813 /* Debug */,
				EEB656791CAB5E7C00900813 /* Release */,
			);
			defaultConfigurationIsVisible = 0;
			defaultConfigurationName = Release;
		};
/* End XCConfigurationList section */
	};
	rootObject = EEB656581CAB5E7C00900813 /* Project object */;
}
